// !$*UTF8*$!
{
	archiveVersion = 1;
	classes = {
	};
	objectVersion = 56;
	objects = {

/* Begin PBXBuildFile section */
		920C49BD2A9BAF930083FF7A /* ActivityFormView.swift in Sources */ = {isa = PBXBuildFile; fileRef = 920C49BC2A9BAF930083FF7A /* ActivityFormView.swift */; };
		9232FFB92AD646E40097C954 /* GeneralSettingsView.swift in Sources */ = {isa = PBXBuildFile; fileRef = 9232FFB82AD646E40097C954 /* GeneralSettingsView.swift */; };
		925F93912AECBF1A0033EBB2 /* SearchRecordView.swift in Sources */ = {isa = PBXBuildFile; fileRef = 925F93902AECBF1A0033EBB2 /* SearchRecordView.swift */; };
		925F93932AECC1950033EBB2 /* SearchRecordDateView.swift in Sources */ = {isa = PBXBuildFile; fileRef = 925F93922AECC1950033EBB2 /* SearchRecordDateView.swift */; };
		925F93952AECC3EB0033EBB2 /* RecordMainView.swift in Sources */ = {isa = PBXBuildFile; fileRef = 925F93942AECC3EB0033EBB2 /* RecordMainView.swift */; };
		926FAB532AF39EAB005AED1D /* SearchRecordActivityView.swift in Sources */ = {isa = PBXBuildFile; fileRef = 926FAB522AF39EAB005AED1D /* SearchRecordActivityView.swift */; };
		927006602AD4C8C40089884B /* CategoryFormView.swift in Sources */ = {isa = PBXBuildFile; fileRef = 9270065E2AD4C8C30089884B /* CategoryFormView.swift */; };
		927006612AD4C8C40089884B /* CategoryListView.swift in Sources */ = {isa = PBXBuildFile; fileRef = 9270065F2AD4C8C30089884B /* CategoryListView.swift */; };
		927006642AD4C8EA0089884B /* CategoryListViewState.swift in Sources */ = {isa = PBXBuildFile; fileRef = 927006622AD4C8EA0089884B /* CategoryListViewState.swift */; };
		928D8E902AEE1CB200F0C52B /* SearchRecordSortView.swift in Sources */ = {isa = PBXBuildFile; fileRef = 928D8E8F2AEE1CB200F0C52B /* SearchRecordSortView.swift */; };
		928D8E922AEE1CC100F0C52B /* SearchRecordCategoryView.swift in Sources */ = {isa = PBXBuildFile; fileRef = 928D8E912AEE1CC100F0C52B /* SearchRecordCategoryView.swift */; };
		928D8E942AEE1ED000F0C52B /* SearchRecordTitleView.swift in Sources */ = {isa = PBXBuildFile; fileRef = 928D8E932AEE1ED000F0C52B /* SearchRecordTitleView.swift */; };
		928D8E962AEE27A800F0C52B /* CommonTextTitleModifier.swift in Sources */ = {isa = PBXBuildFile; fileRef = 928D8E952AEE27A800F0C52B /* CommonTextTitleModifier.swift */; };
		92999D682AF0C4FF003B44A2 /* UpdateRecordView.swift in Sources */ = {isa = PBXBuildFile; fileRef = 92999D672AF0C4FF003B44A2 /* UpdateRecordView.swift */; };
		92999D6A2AF0CC27003B44A2 /* Utilities.swift in Sources */ = {isa = PBXBuildFile; fileRef = 92999D692AF0CC27003B44A2 /* Utilities.swift */; };
		929E5EEE2AF9DB2A009DCFE1 /* RadioButton.swift in Sources */ = {isa = PBXBuildFile; fileRef = 929E5EED2AF9DB2A009DCFE1 /* RadioButton.swift */; };
		929E5EF02AF9DB67009DCFE1 /* RadioButtonState.swift in Sources */ = {isa = PBXBuildFile; fileRef = 929E5EEF2AF9DB67009DCFE1 /* RadioButtonState.swift */; };
		92A112A12ADB5FB800BFAD19 /* RecordingView.swift in Sources */ = {isa = PBXBuildFile; fileRef = 92A112A02ADB5FB800BFAD19 /* RecordingView.swift */; };
		92BFDA5E2A97B5E600AE95D8 /* TimeTrackerApp.swift in Sources */ = {isa = PBXBuildFile; fileRef = 92BFDA5D2A97B5E600AE95D8 /* TimeTrackerApp.swift */; };
		92BFDA602A97B5E600AE95D8 /* ContentView.swift in Sources */ = {isa = PBXBuildFile; fileRef = 92BFDA5F2A97B5E600AE95D8 /* ContentView.swift */; };
		92BFDA622A97B5ED00AE95D8 /* Assets.xcassets in Resources */ = {isa = PBXBuildFile; fileRef = 92BFDA612A97B5ED00AE95D8 /* Assets.xcassets */; };
		92BFDA662A97B5ED00AE95D8 /* Preview Assets.xcassets in Resources */ = {isa = PBXBuildFile; fileRef = 92BFDA652A97B5ED00AE95D8 /* Preview Assets.xcassets */; };
		92BFDA702A97B5ED00AE95D8 /* TimeTrackerTests.swift in Sources */ = {isa = PBXBuildFile; fileRef = 92BFDA6F2A97B5ED00AE95D8 /* TimeTrackerTests.swift */; };
		92BFDA7A2A97B5ED00AE95D8 /* TimeTrackerUITests.swift in Sources */ = {isa = PBXBuildFile; fileRef = 92BFDA792A97B5ED00AE95D8 /* TimeTrackerUITests.swift */; };
		92BFDA7C2A97B5ED00AE95D8 /* TimeTrackerUITestsLaunchTests.swift in Sources */ = {isa = PBXBuildFile; fileRef = 92BFDA7B2A97B5ED00AE95D8 /* TimeTrackerUITestsLaunchTests.swift */; };
		92C1D8272A9B0152000061B6 /* RecordGraphView.swift in Sources */ = {isa = PBXBuildFile; fileRef = 92C1D8262A9B0152000061B6 /* RecordGraphView.swift */; };
		92C1D82B2A9B201E000061B6 /* Theme.swift in Sources */ = {isa = PBXBuildFile; fileRef = 92C1D82A2A9B201E000061B6 /* Theme.swift */; };
		92C1D82E2A9B2070000061B6 /* SettingsView.swift in Sources */ = {isa = PBXBuildFile; fileRef = 92C1D82D2A9B2070000061B6 /* SettingsView.swift */; };
		92C1D8312A9B22A8000061B6 /* ColorUtilities.swift in Sources */ = {isa = PBXBuildFile; fileRef = 92C1D8302A9B22A8000061B6 /* ColorUtilities.swift */; };
		92C28B212ADF2380009E23E1 /* DatabasePathPicker.swift in Sources */ = {isa = PBXBuildFile; fileRef = 92C28B202ADF2380009E23E1 /* DatabasePathPicker.swift */; };
		92C7BA272AF814BD00E9F25A /* PrepareDatabaseView.swift in Sources */ = {isa = PBXBuildFile; fileRef = 92C7BA262AF814BD00E9F25A /* PrepareDatabaseView.swift */; };
		92C7BA292AF814CD00E9F25A /* PrepareDatabaseViewState.swift in Sources */ = {isa = PBXBuildFile; fileRef = 92C7BA282AF814CD00E9F25A /* PrepareDatabaseViewState.swift */; };
		92CACFE72AEB92AF00F00F2F /* MainView.swift in Sources */ = {isa = PBXBuildFile; fileRef = 92CACFE62AEB92AF00F00F2F /* MainView.swift */; };
		92D2B3E92A9A78F600B8B76E /* RecordListView.swift in Sources */ = {isa = PBXBuildFile; fileRef = 92D2B3E62A9A78F600B8B76E /* RecordListView.swift */; };
		92D2B3EA2A9A78F600B8B76E /* ActivityListView.swift in Sources */ = {isa = PBXBuildFile; fileRef = 92D2B3E82A9A78F600B8B76E /* ActivityListView.swift */; };
		92F71D0D2AF6014C002E1846 /* CategoryStore.swift in Sources */ = {isa = PBXBuildFile; fileRef = 92F71D0C2AF6014C002E1846 /* CategoryStore.swift */; };
		92F71D102AF60684002E1846 /* CategoryFormViewState.swift in Sources */ = {isa = PBXBuildFile; fileRef = 92F71D0F2AF60684002E1846 /* CategoryFormViewState.swift */; };
		92F71D172AF63C4E002E1846 /* ActivityStore.swift in Sources */ = {isa = PBXBuildFile; fileRef = 92F71D162AF63C4E002E1846 /* ActivityStore.swift */; };
		92F71D192AF63DD5002E1846 /* ActivityListViewState.swift in Sources */ = {isa = PBXBuildFile; fileRef = 92F71D182AF63DD5002E1846 /* ActivityListViewState.swift */; };
		92F71D1B2AF63DE1002E1846 /* ActivityFormViewState.swift in Sources */ = {isa = PBXBuildFile; fileRef = 92F71D1A2AF63DE1002E1846 /* ActivityFormViewState.swift */; };
		92F71D202AF73361002E1846 /* AppError.swift in Sources */ = {isa = PBXBuildFile; fileRef = 92F71D1F2AF73361002E1846 /* AppError.swift */; };
		92F71D222AF733B7002E1846 /* RecordStore.swift in Sources */ = {isa = PBXBuildFile; fileRef = 92F71D212AF733B7002E1846 /* RecordStore.swift */; };
		92F71D262AF73490002E1846 /* RecordingViewState.swift in Sources */ = {isa = PBXBuildFile; fileRef = 92F71D252AF73490002E1846 /* RecordingViewState.swift */; };
		92F71D282AF73C48002E1846 /* RecordMainViewState.swift in Sources */ = {isa = PBXBuildFile; fileRef = 92F71D272AF73C48002E1846 /* RecordMainViewState.swift */; };
		92F71D2C2AF73CF8002E1846 /* SearchRecordViewState.swift in Sources */ = {isa = PBXBuildFile; fileRef = 92F71D2B2AF73CF8002E1846 /* SearchRecordViewState.swift */; };
		92F71D2E2AF73D30002E1846 /* SearchRecordCategoryViewState.swift in Sources */ = {isa = PBXBuildFile; fileRef = 92F71D2D2AF73D30002E1846 /* SearchRecordCategoryViewState.swift */; };
		92F71D302AF740F3002E1846 /* SearchRecordActivityViewState.swift in Sources */ = {isa = PBXBuildFile; fileRef = 92F71D2F2AF740F3002E1846 /* SearchRecordActivityViewState.swift */; };
		92F71D322AF755D7002E1846 /* SearchRecordDateViewState.swift in Sources */ = {isa = PBXBuildFile; fileRef = 92F71D312AF755D7002E1846 /* SearchRecordDateViewState.swift */; };
		92F71D342AF75951002E1846 /* SearchRecordSortViewState.swift in Sources */ = {isa = PBXBuildFile; fileRef = 92F71D332AF75951002E1846 /* SearchRecordSortViewState.swift */; };
		92F71D362AF75E46002E1846 /* RecordListViewState.swift in Sources */ = {isa = PBXBuildFile; fileRef = 92F71D352AF75E46002E1846 /* RecordListViewState.swift */; };
		92F71D382AF765CF002E1846 /* UpdateRecordViewState.swift in Sources */ = {isa = PBXBuildFile; fileRef = 92F71D372AF765CF002E1846 /* UpdateRecordViewState.swift */; };
		92F71D3A2AF76EB8002E1846 /* RecordGraphViewState.swift in Sources */ = {isa = PBXBuildFile; fileRef = 92F71D392AF76EB8002E1846 /* RecordGraphViewState.swift */; };
		92F71D3E2AF76FFE002E1846 /* SettingsViewState.swift in Sources */ = {isa = PBXBuildFile; fileRef = 92F71D3D2AF76FFE002E1846 /* SettingsViewState.swift */; };
		92F71D402AF7713D002E1846 /* GeneralSettingsViewState.swift in Sources */ = {isa = PBXBuildFile; fileRef = 92F71D3F2AF7713D002E1846 /* GeneralSettingsViewState.swift */; };
		92F9B6B62AE4EC030038C6D4 /* TimeTrackerAPI in Frameworks */ = {isa = PBXBuildFile; productRef = 92F9B6B52AE4EC020038C6D4 /* TimeTrackerAPI */; };
		92FABEF32AEB8DB600833B1A /* CustomUTType.swift in Sources */ = {isa = PBXBuildFile; fileRef = 92FABEF22AEB8DB600833B1A /* CustomUTType.swift */; };
/* End PBXBuildFile section */

/* Begin PBXContainerItemProxy section */
		92BFDA6C2A97B5ED00AE95D8 /* PBXContainerItemProxy */ = {
			isa = PBXContainerItemProxy;
			containerPortal = 92BFDA522A97B5E600AE95D8 /* Project object */;
			proxyType = 1;
			remoteGlobalIDString = 92BFDA592A97B5E600AE95D8;
			remoteInfo = TimeTracker;
		};
		92BFDA762A97B5ED00AE95D8 /* PBXContainerItemProxy */ = {
			isa = PBXContainerItemProxy;
			containerPortal = 92BFDA522A97B5E600AE95D8 /* Project object */;
			proxyType = 1;
			remoteGlobalIDString = 92BFDA592A97B5E600AE95D8;
			remoteInfo = TimeTracker;
		};
/* End PBXContainerItemProxy section */

/* Begin PBXFileReference section */
		920C49BC2A9BAF930083FF7A /* ActivityFormView.swift */ = {isa = PBXFileReference; lastKnownFileType = sourcecode.swift; path = ActivityFormView.swift; sourceTree = "<group>"; };
		9214722F2ADE704D00A9F89C /* Info.plist */ = {isa = PBXFileReference; lastKnownFileType = text.plist; path = Info.plist; sourceTree = "<group>"; };
		9232FFB82AD646E40097C954 /* GeneralSettingsView.swift */ = {isa = PBXFileReference; lastKnownFileType = sourcecode.swift; path = GeneralSettingsView.swift; sourceTree = "<group>"; };
		925F93902AECBF1A0033EBB2 /* SearchRecordView.swift */ = {isa = PBXFileReference; lastKnownFileType = sourcecode.swift; path = SearchRecordView.swift; sourceTree = "<group>"; };
		925F93922AECC1950033EBB2 /* SearchRecordDateView.swift */ = {isa = PBXFileReference; lastKnownFileType = sourcecode.swift; path = SearchRecordDateView.swift; sourceTree = "<group>"; };
		925F93942AECC3EB0033EBB2 /* RecordMainView.swift */ = {isa = PBXFileReference; lastKnownFileType = sourcecode.swift; path = RecordMainView.swift; sourceTree = "<group>"; };
		926FAB522AF39EAB005AED1D /* SearchRecordActivityView.swift */ = {isa = PBXFileReference; lastKnownFileType = sourcecode.swift; path = SearchRecordActivityView.swift; sourceTree = "<group>"; };
		9270065E2AD4C8C30089884B /* CategoryFormView.swift */ = {isa = PBXFileReference; fileEncoding = 4; lastKnownFileType = sourcecode.swift; path = CategoryFormView.swift; sourceTree = "<group>"; };
		9270065F2AD4C8C30089884B /* CategoryListView.swift */ = {isa = PBXFileReference; fileEncoding = 4; lastKnownFileType = sourcecode.swift; path = CategoryListView.swift; sourceTree = "<group>"; };
		927006622AD4C8EA0089884B /* CategoryListViewState.swift */ = {isa = PBXFileReference; fileEncoding = 4; lastKnownFileType = sourcecode.swift; path = CategoryListViewState.swift; sourceTree = "<group>"; };
		928D8E8F2AEE1CB200F0C52B /* SearchRecordSortView.swift */ = {isa = PBXFileReference; lastKnownFileType = sourcecode.swift; path = SearchRecordSortView.swift; sourceTree = "<group>"; };
		928D8E912AEE1CC100F0C52B /* SearchRecordCategoryView.swift */ = {isa = PBXFileReference; lastKnownFileType = sourcecode.swift; path = SearchRecordCategoryView.swift; sourceTree = "<group>"; };
		928D8E932AEE1ED000F0C52B /* SearchRecordTitleView.swift */ = {isa = PBXFileReference; lastKnownFileType = sourcecode.swift; path = SearchRecordTitleView.swift; sourceTree = "<group>"; };
		928D8E952AEE27A800F0C52B /* CommonTextTitleModifier.swift */ = {isa = PBXFileReference; lastKnownFileType = sourcecode.swift; path = CommonTextTitleModifier.swift; sourceTree = "<group>"; };
		92999D672AF0C4FF003B44A2 /* UpdateRecordView.swift */ = {isa = PBXFileReference; lastKnownFileType = sourcecode.swift; path = UpdateRecordView.swift; sourceTree = "<group>"; };
		92999D692AF0CC27003B44A2 /* Utilities.swift */ = {isa = PBXFileReference; lastKnownFileType = sourcecode.swift; path = Utilities.swift; sourceTree = "<group>"; };
		929E5EED2AF9DB2A009DCFE1 /* RadioButton.swift */ = {isa = PBXFileReference; lastKnownFileType = sourcecode.swift; path = RadioButton.swift; sourceTree = "<group>"; };
		929E5EEF2AF9DB67009DCFE1 /* RadioButtonState.swift */ = {isa = PBXFileReference; lastKnownFileType = sourcecode.swift; path = RadioButtonState.swift; sourceTree = "<group>"; };
		92A112A02ADB5FB800BFAD19 /* RecordingView.swift */ = {isa = PBXFileReference; lastKnownFileType = sourcecode.swift; path = RecordingView.swift; sourceTree = "<group>"; };
		92BFDA5A2A97B5E600AE95D8 /* TimeTracker.app */ = {isa = PBXFileReference; explicitFileType = wrapper.application; includeInIndex = 0; path = TimeTracker.app; sourceTree = BUILT_PRODUCTS_DIR; };
		92BFDA5D2A97B5E600AE95D8 /* TimeTrackerApp.swift */ = {isa = PBXFileReference; lastKnownFileType = sourcecode.swift; path = TimeTrackerApp.swift; sourceTree = "<group>"; };
		92BFDA5F2A97B5E600AE95D8 /* ContentView.swift */ = {isa = PBXFileReference; lastKnownFileType = sourcecode.swift; path = ContentView.swift; sourceTree = "<group>"; };
		92BFDA612A97B5ED00AE95D8 /* Assets.xcassets */ = {isa = PBXFileReference; lastKnownFileType = folder.assetcatalog; path = Assets.xcassets; sourceTree = "<group>"; };
		92BFDA632A97B5ED00AE95D8 /* TimeTracker.entitlements */ = {isa = PBXFileReference; lastKnownFileType = text.plist.entitlements; path = TimeTracker.entitlements; sourceTree = "<group>"; };
		92BFDA652A97B5ED00AE95D8 /* Preview Assets.xcassets */ = {isa = PBXFileReference; lastKnownFileType = folder.assetcatalog; path = "Preview Assets.xcassets"; sourceTree = "<group>"; };
		92BFDA6B2A97B5ED00AE95D8 /* TimeTrackerTests.xctest */ = {isa = PBXFileReference; explicitFileType = wrapper.cfbundle; includeInIndex = 0; path = TimeTrackerTests.xctest; sourceTree = BUILT_PRODUCTS_DIR; };
		92BFDA6F2A97B5ED00AE95D8 /* TimeTrackerTests.swift */ = {isa = PBXFileReference; lastKnownFileType = sourcecode.swift; path = TimeTrackerTests.swift; sourceTree = "<group>"; };
		92BFDA752A97B5ED00AE95D8 /* TimeTrackerUITests.xctest */ = {isa = PBXFileReference; explicitFileType = wrapper.cfbundle; includeInIndex = 0; path = TimeTrackerUITests.xctest; sourceTree = BUILT_PRODUCTS_DIR; };
		92BFDA792A97B5ED00AE95D8 /* TimeTrackerUITests.swift */ = {isa = PBXFileReference; lastKnownFileType = sourcecode.swift; path = TimeTrackerUITests.swift; sourceTree = "<group>"; };
		92BFDA7B2A97B5ED00AE95D8 /* TimeTrackerUITestsLaunchTests.swift */ = {isa = PBXFileReference; lastKnownFileType = sourcecode.swift; path = TimeTrackerUITestsLaunchTests.swift; sourceTree = "<group>"; };
		92C1D8262A9B0152000061B6 /* RecordGraphView.swift */ = {isa = PBXFileReference; lastKnownFileType = sourcecode.swift; path = RecordGraphView.swift; sourceTree = "<group>"; };
		92C1D82A2A9B201E000061B6 /* Theme.swift */ = {isa = PBXFileReference; lastKnownFileType = sourcecode.swift; path = Theme.swift; sourceTree = "<group>"; };
		92C1D82D2A9B2070000061B6 /* SettingsView.swift */ = {isa = PBXFileReference; lastKnownFileType = sourcecode.swift; path = SettingsView.swift; sourceTree = "<group>"; };
		92C1D8302A9B22A8000061B6 /* ColorUtilities.swift */ = {isa = PBXFileReference; lastKnownFileType = sourcecode.swift; path = ColorUtilities.swift; sourceTree = "<group>"; };
		92C28B202ADF2380009E23E1 /* DatabasePathPicker.swift */ = {isa = PBXFileReference; lastKnownFileType = sourcecode.swift; path = DatabasePathPicker.swift; sourceTree = "<group>"; };
		92C7BA262AF814BD00E9F25A /* PrepareDatabaseView.swift */ = {isa = PBXFileReference; lastKnownFileType = sourcecode.swift; path = PrepareDatabaseView.swift; sourceTree = "<group>"; };
		92C7BA282AF814CD00E9F25A /* PrepareDatabaseViewState.swift */ = {isa = PBXFileReference; lastKnownFileType = sourcecode.swift; path = PrepareDatabaseViewState.swift; sourceTree = "<group>"; };
		92CACFE62AEB92AF00F00F2F /* MainView.swift */ = {isa = PBXFileReference; lastKnownFileType = sourcecode.swift; path = MainView.swift; sourceTree = "<group>"; };
		92D2B3E62A9A78F600B8B76E /* RecordListView.swift */ = {isa = PBXFileReference; fileEncoding = 4; lastKnownFileType = sourcecode.swift; path = RecordListView.swift; sourceTree = "<group>"; };
		92D2B3E82A9A78F600B8B76E /* ActivityListView.swift */ = {isa = PBXFileReference; fileEncoding = 4; lastKnownFileType = sourcecode.swift; path = ActivityListView.swift; sourceTree = "<group>"; };
		92F71D0C2AF6014C002E1846 /* CategoryStore.swift */ = {isa = PBXFileReference; lastKnownFileType = sourcecode.swift; path = CategoryStore.swift; sourceTree = "<group>"; };
		92F71D0F2AF60684002E1846 /* CategoryFormViewState.swift */ = {isa = PBXFileReference; lastKnownFileType = sourcecode.swift; path = CategoryFormViewState.swift; sourceTree = "<group>"; };
		92F71D162AF63C4E002E1846 /* ActivityStore.swift */ = {isa = PBXFileReference; lastKnownFileType = sourcecode.swift; path = ActivityStore.swift; sourceTree = "<group>"; };
		92F71D182AF63DD5002E1846 /* ActivityListViewState.swift */ = {isa = PBXFileReference; lastKnownFileType = sourcecode.swift; path = ActivityListViewState.swift; sourceTree = "<group>"; };
		92F71D1A2AF63DE1002E1846 /* ActivityFormViewState.swift */ = {isa = PBXFileReference; lastKnownFileType = sourcecode.swift; path = ActivityFormViewState.swift; sourceTree = "<group>"; };
		92F71D1F2AF73361002E1846 /* AppError.swift */ = {isa = PBXFileReference; lastKnownFileType = sourcecode.swift; path = AppError.swift; sourceTree = "<group>"; };
		92F71D212AF733B7002E1846 /* RecordStore.swift */ = {isa = PBXFileReference; lastKnownFileType = sourcecode.swift; path = RecordStore.swift; sourceTree = "<group>"; };
		92F71D252AF73490002E1846 /* RecordingViewState.swift */ = {isa = PBXFileReference; lastKnownFileType = sourcecode.swift; path = RecordingViewState.swift; sourceTree = "<group>"; };
		92F71D272AF73C48002E1846 /* RecordMainViewState.swift */ = {isa = PBXFileReference; lastKnownFileType = sourcecode.swift; path = RecordMainViewState.swift; sourceTree = "<group>"; };
		92F71D2B2AF73CF8002E1846 /* SearchRecordViewState.swift */ = {isa = PBXFileReference; lastKnownFileType = sourcecode.swift; path = SearchRecordViewState.swift; sourceTree = "<group>"; };
		92F71D2D2AF73D30002E1846 /* SearchRecordCategoryViewState.swift */ = {isa = PBXFileReference; lastKnownFileType = sourcecode.swift; path = SearchRecordCategoryViewState.swift; sourceTree = "<group>"; };
		92F71D2F2AF740F3002E1846 /* SearchRecordActivityViewState.swift */ = {isa = PBXFileReference; lastKnownFileType = sourcecode.swift; path = SearchRecordActivityViewState.swift; sourceTree = "<group>"; };
		92F71D312AF755D7002E1846 /* SearchRecordDateViewState.swift */ = {isa = PBXFileReference; lastKnownFileType = sourcecode.swift; path = SearchRecordDateViewState.swift; sourceTree = "<group>"; };
		92F71D332AF75951002E1846 /* SearchRecordSortViewState.swift */ = {isa = PBXFileReference; lastKnownFileType = sourcecode.swift; path = SearchRecordSortViewState.swift; sourceTree = "<group>"; };
		92F71D352AF75E46002E1846 /* RecordListViewState.swift */ = {isa = PBXFileReference; lastKnownFileType = sourcecode.swift; path = RecordListViewState.swift; sourceTree = "<group>"; };
		92F71D372AF765CF002E1846 /* UpdateRecordViewState.swift */ = {isa = PBXFileReference; lastKnownFileType = sourcecode.swift; path = UpdateRecordViewState.swift; sourceTree = "<group>"; };
		92F71D392AF76EB8002E1846 /* RecordGraphViewState.swift */ = {isa = PBXFileReference; lastKnownFileType = sourcecode.swift; path = RecordGraphViewState.swift; sourceTree = "<group>"; };
		92F71D3D2AF76FFE002E1846 /* SettingsViewState.swift */ = {isa = PBXFileReference; lastKnownFileType = sourcecode.swift; path = SettingsViewState.swift; sourceTree = "<group>"; };
		92F71D3F2AF7713D002E1846 /* GeneralSettingsViewState.swift */ = {isa = PBXFileReference; lastKnownFileType = sourcecode.swift; path = GeneralSettingsViewState.swift; sourceTree = "<group>"; };
		92FABEF22AEB8DB600833B1A /* CustomUTType.swift */ = {isa = PBXFileReference; lastKnownFileType = sourcecode.swift; path = CustomUTType.swift; sourceTree = "<group>"; };
/* End PBXFileReference section */

/* Begin PBXFrameworksBuildPhase section */
		92BFDA572A97B5E600AE95D8 /* Frameworks */ = {
			isa = PBXFrameworksBuildPhase;
			buildActionMask = 2147483647;
			files = (
				92F9B6B62AE4EC030038C6D4 /* TimeTrackerAPI in Frameworks */,
			);
			runOnlyForDeploymentPostprocessing = 0;
		};
		92BFDA682A97B5ED00AE95D8 /* Frameworks */ = {
			isa = PBXFrameworksBuildPhase;
			buildActionMask = 2147483647;
			files = (
			);
			runOnlyForDeploymentPostprocessing = 0;
		};
		92BFDA722A97B5ED00AE95D8 /* Frameworks */ = {
			isa = PBXFrameworksBuildPhase;
			buildActionMask = 2147483647;
			files = (
			);
			runOnlyForDeploymentPostprocessing = 0;
		};
/* End PBXFrameworksBuildPhase section */

/* Begin PBXGroup section */
		9270065D2AD4C8C30089884B /* Category */ = {
			isa = PBXGroup;
			children = (
				92F71D0C2AF6014C002E1846 /* CategoryStore.swift */,
				92F71D142AF621A4002E1846 /* Views */,
				92F71D152AF621B7002E1846 /* ViewStates */,
			);
			path = Category;
			sourceTree = "<group>";
		};
		929E5EE32AF9D8FD009DCFE1 /* Components */ = {
			isa = PBXGroup;
			children = (
				929E5EEA2AF9DB05009DCFE1 /* Radio */,
			);
			path = Components;
			sourceTree = "<group>";
		};
		929E5EEA2AF9DB05009DCFE1 /* Radio */ = {
			isa = PBXGroup;
			children = (
				929E5EEB2AF9DB0F009DCFE1 /* Views */,
				929E5EEC2AF9DB17009DCFE1 /* ViewStates */,
			);
			path = Radio;
			sourceTree = "<group>";
		};
		929E5EEB2AF9DB0F009DCFE1 /* Views */ = {
			isa = PBXGroup;
			children = (
				929E5EED2AF9DB2A009DCFE1 /* RadioButton.swift */,
			);
			path = Views;
			sourceTree = "<group>";
		};
		929E5EEC2AF9DB17009DCFE1 /* ViewStates */ = {
			isa = PBXGroup;
			children = (
				929E5EEF2AF9DB67009DCFE1 /* RadioButtonState.swift */,
			);
			path = ViewStates;
			sourceTree = "<group>";
		};
		92BFDA512A97B5E600AE95D8 = {
			isa = PBXGroup;
			children = (
				92BFDA5C2A97B5E600AE95D8 /* TimeTracker */,
				92BFDA6E2A97B5ED00AE95D8 /* TimeTrackerTests */,
				92BFDA782A97B5ED00AE95D8 /* TimeTrackerUITests */,
				92BFDA5B2A97B5E600AE95D8 /* Products */,
			);
			sourceTree = "<group>";
		};
		92BFDA5B2A97B5E600AE95D8 /* Products */ = {
			isa = PBXGroup;
			children = (
				92BFDA5A2A97B5E600AE95D8 /* TimeTracker.app */,
				92BFDA6B2A97B5ED00AE95D8 /* TimeTrackerTests.xctest */,
				92BFDA752A97B5ED00AE95D8 /* TimeTrackerUITests.xctest */,
			);
			name = Products;
			sourceTree = "<group>";
		};
		92BFDA5C2A97B5E600AE95D8 /* TimeTracker */ = {
			isa = PBXGroup;
			children = (
				9214722F2ADE704D00A9F89C /* Info.plist */,
				9270065D2AD4C8C30089884B /* Category */,
				92D2B3E72A9A78F600B8B76E /* Activity */,
				92D2B3E52A9A78F600B8B76E /* Record */,
				92C1D82C2A9B2047000061B6 /* Setting */,
				929E5EE32AF9D8FD009DCFE1 /* Components */,
				92C28B1F2ADF2366009E23E1 /* Database */,
				92C1D8282A9B1FF9000061B6 /* Utilities */,
				92C28B202ADF2380009E23E1 /* DatabasePathPicker.swift */,
				92CACFE62AEB92AF00F00F2F /* MainView.swift */,
				92BFDA5F2A97B5E600AE95D8 /* ContentView.swift */,
				92BFDA5D2A97B5E600AE95D8 /* TimeTrackerApp.swift */,
				92BFDA612A97B5ED00AE95D8 /* Assets.xcassets */,
				92BFDA632A97B5ED00AE95D8 /* TimeTracker.entitlements */,
				92BFDA642A97B5ED00AE95D8 /* Preview Content */,
			);
			path = TimeTracker;
			sourceTree = "<group>";
		};
		92BFDA642A97B5ED00AE95D8 /* Preview Content */ = {
			isa = PBXGroup;
			children = (
				92BFDA652A97B5ED00AE95D8 /* Preview Assets.xcassets */,
			);
			path = "Preview Content";
			sourceTree = "<group>";
		};
		92BFDA6E2A97B5ED00AE95D8 /* TimeTrackerTests */ = {
			isa = PBXGroup;
			children = (
				92BFDA6F2A97B5ED00AE95D8 /* TimeTrackerTests.swift */,
			);
			path = TimeTrackerTests;
			sourceTree = "<group>";
		};
		92BFDA782A97B5ED00AE95D8 /* TimeTrackerUITests */ = {
			isa = PBXGroup;
			children = (
				92BFDA792A97B5ED00AE95D8 /* TimeTrackerUITests.swift */,
				92BFDA7B2A97B5ED00AE95D8 /* TimeTrackerUITestsLaunchTests.swift */,
			);
			path = TimeTrackerUITests;
			sourceTree = "<group>";
		};
		92C1D8282A9B1FF9000061B6 /* Utilities */ = {
			isa = PBXGroup;
			children = (
				92F71D1E2AF73350002E1846 /* Errors */,
				92FABEF12AEB8D9700833B1A /* UTType */,
				92C1D82F2A9B2281000061B6 /* Color */,
				92C1D8292A9B200D000061B6 /* Theme */,
				92999D692AF0CC27003B44A2 /* Utilities.swift */,
			);
			path = Utilities;
			sourceTree = "<group>";
		};
		92C1D8292A9B200D000061B6 /* Theme */ = {
			isa = PBXGroup;
			children = (
				92C1D82A2A9B201E000061B6 /* Theme.swift */,
			);
			path = Theme;
			sourceTree = "<group>";
		};
		92C1D82C2A9B2047000061B6 /* Setting */ = {
			isa = PBXGroup;
			children = (
				92F71D3C2AF76FB6002E1846 /* Views */,
				92F71D3B2AF76FA4002E1846 /* ViewStates */,
			);
			path = Setting;
			sourceTree = "<group>";
		};
		92C1D82F2A9B2281000061B6 /* Color */ = {
			isa = PBXGroup;
			children = (
				92C1D8302A9B22A8000061B6 /* ColorUtilities.swift */,
			);
			path = Color;
			sourceTree = "<group>";
		};
		92C28B1F2ADF2366009E23E1 /* Database */ = {
			isa = PBXGroup;
			children = (
				92C7BA262AF814BD00E9F25A /* PrepareDatabaseView.swift */,
				92C7BA282AF814CD00E9F25A /* PrepareDatabaseViewState.swift */,
			);
			path = Database;
			sourceTree = "<group>";
		};
		92C7BA242AF8082100E9F25A /* Search */ = {
			isa = PBXGroup;
			children = (
				928D8E932AEE1ED000F0C52B /* SearchRecordTitleView.swift */,
				925F93902AECBF1A0033EBB2 /* SearchRecordView.swift */,
				928D8E912AEE1CC100F0C52B /* SearchRecordCategoryView.swift */,
				926FAB522AF39EAB005AED1D /* SearchRecordActivityView.swift */,
				925F93922AECC1950033EBB2 /* SearchRecordDateView.swift */,
				928D8E8F2AEE1CB200F0C52B /* SearchRecordSortView.swift */,
			);
			path = Search;
			sourceTree = "<group>";
		};
		92C7BA252AF8083600E9F25A /* Search */ = {
			isa = PBXGroup;
			children = (
				92F71D2B2AF73CF8002E1846 /* SearchRecordViewState.swift */,
				92F71D2D2AF73D30002E1846 /* SearchRecordCategoryViewState.swift */,
				92F71D2F2AF740F3002E1846 /* SearchRecordActivityViewState.swift */,
				92F71D312AF755D7002E1846 /* SearchRecordDateViewState.swift */,
				92F71D332AF75951002E1846 /* SearchRecordSortViewState.swift */,
			);
			path = Search;
			sourceTree = "<group>";
		};
		92D2B3E52A9A78F600B8B76E /* Record */ = {
			isa = PBXGroup;
			children = (
				92F71D212AF733B7002E1846 /* RecordStore.swift */,
				92F71D232AF73453002E1846 /* Views */,
				92F71D242AF7345D002E1846 /* ViewStates */,
				928D8E952AEE27A800F0C52B /* CommonTextTitleModifier.swift */,
			);
			path = Record;
			sourceTree = "<group>";
		};
		92D2B3E72A9A78F600B8B76E /* Activity */ = {
			isa = PBXGroup;
			children = (
				92F71D162AF63C4E002E1846 /* ActivityStore.swift */,
				92F71D1D2AF731E7002E1846 /* Views */,
				92F71D1C2AF731D1002E1846 /* ViewStates */,
			);
			path = Activity;
			sourceTree = "<group>";
		};
		92F71D142AF621A4002E1846 /* Views */ = {
			isa = PBXGroup;
			children = (
				9270065F2AD4C8C30089884B /* CategoryListView.swift */,
				9270065E2AD4C8C30089884B /* CategoryFormView.swift */,
			);
			path = Views;
			sourceTree = "<group>";
		};
		92F71D152AF621B7002E1846 /* ViewStates */ = {
			isa = PBXGroup;
			children = (
				927006622AD4C8EA0089884B /* CategoryListViewState.swift */,
				92F71D0F2AF60684002E1846 /* CategoryFormViewState.swift */,
			);
			path = ViewStates;
			sourceTree = "<group>";
		};
		92F71D1C2AF731D1002E1846 /* ViewStates */ = {
			isa = PBXGroup;
			children = (
				92F71D182AF63DD5002E1846 /* ActivityListViewState.swift */,
				92F71D1A2AF63DE1002E1846 /* ActivityFormViewState.swift */,
			);
			path = ViewStates;
			sourceTree = "<group>";
		};
		92F71D1D2AF731E7002E1846 /* Views */ = {
			isa = PBXGroup;
			children = (
				92D2B3E82A9A78F600B8B76E /* ActivityListView.swift */,
				920C49BC2A9BAF930083FF7A /* ActivityFormView.swift */,
			);
			path = Views;
			sourceTree = "<group>";
		};
		92F71D1E2AF73350002E1846 /* Errors */ = {
			isa = PBXGroup;
			children = (
				92F71D1F2AF73361002E1846 /* AppError.swift */,
			);
			path = Errors;
			sourceTree = "<group>";
		};
		92F71D232AF73453002E1846 /* Views */ = {
			isa = PBXGroup;
			children = (
				92C7BA242AF8082100E9F25A /* Search */,
				92A112A02ADB5FB800BFAD19 /* RecordingView.swift */,
				925F93942AECC3EB0033EBB2 /* RecordMainView.swift */,
				92D2B3E62A9A78F600B8B76E /* RecordListView.swift */,
				92999D672AF0C4FF003B44A2 /* UpdateRecordView.swift */,
				92C1D8262A9B0152000061B6 /* RecordGraphView.swift */,
			);
			path = Views;
			sourceTree = "<group>";
		};
		92F71D242AF7345D002E1846 /* ViewStates */ = {
			isa = PBXGroup;
			children = (
				92C7BA252AF8083600E9F25A /* Search */,
				92F71D252AF73490002E1846 /* RecordingViewState.swift */,
				92F71D272AF73C48002E1846 /* RecordMainViewState.swift */,
				92F71D352AF75E46002E1846 /* RecordListViewState.swift */,
				92F71D372AF765CF002E1846 /* UpdateRecordViewState.swift */,
				92F71D392AF76EB8002E1846 /* RecordGraphViewState.swift */,
			);
			path = ViewStates;
			sourceTree = "<group>";
		};
		92F71D3B2AF76FA4002E1846 /* ViewStates */ = {
			isa = PBXGroup;
			children = (
				92F71D3D2AF76FFE002E1846 /* SettingsViewState.swift */,
				92F71D3F2AF7713D002E1846 /* GeneralSettingsViewState.swift */,
			);
			path = ViewStates;
			sourceTree = "<group>";
		};
		92F71D3C2AF76FB6002E1846 /* Views */ = {
			isa = PBXGroup;
			children = (
				92C1D82D2A9B2070000061B6 /* SettingsView.swift */,
				9232FFB82AD646E40097C954 /* GeneralSettingsView.swift */,
			);
			path = Views;
			sourceTree = "<group>";
		};
		92FABEF12AEB8D9700833B1A /* UTType */ = {
			isa = PBXGroup;
			children = (
				92FABEF22AEB8DB600833B1A /* CustomUTType.swift */,
			);
			path = UTType;
			sourceTree = "<group>";
		};
/* End PBXGroup section */

/* Begin PBXNativeTarget section */
		92BFDA592A97B5E600AE95D8 /* TimeTracker */ = {
			isa = PBXNativeTarget;
			buildConfigurationList = 92BFDA7F2A97B5ED00AE95D8 /* Build configuration list for PBXNativeTarget "TimeTracker" */;
			buildPhases = (
				92BFDA562A97B5E600AE95D8 /* Sources */,
				92BFDA572A97B5E600AE95D8 /* Frameworks */,
				92BFDA582A97B5E600AE95D8 /* Resources */,
			);
			buildRules = (
			);
			dependencies = (
			);
			name = TimeTracker;
			packageProductDependencies = (
				92F9B6B52AE4EC020038C6D4 /* TimeTrackerAPI */,
			);
			productName = TimeTracker;
			productReference = 92BFDA5A2A97B5E600AE95D8 /* TimeTracker.app */;
			productType = "com.apple.product-type.application";
		};
		92BFDA6A2A97B5ED00AE95D8 /* TimeTrackerTests */ = {
			isa = PBXNativeTarget;
			buildConfigurationList = 92BFDA822A97B5ED00AE95D8 /* Build configuration list for PBXNativeTarget "TimeTrackerTests" */;
			buildPhases = (
				92BFDA672A97B5ED00AE95D8 /* Sources */,
				92BFDA682A97B5ED00AE95D8 /* Frameworks */,
				92BFDA692A97B5ED00AE95D8 /* Resources */,
			);
			buildRules = (
			);
			dependencies = (
				92BFDA6D2A97B5ED00AE95D8 /* PBXTargetDependency */,
			);
			name = TimeTrackerTests;
			productName = TimeTrackerTests;
			productReference = 92BFDA6B2A97B5ED00AE95D8 /* TimeTrackerTests.xctest */;
			productType = "com.apple.product-type.bundle.unit-test";
		};
		92BFDA742A97B5ED00AE95D8 /* TimeTrackerUITests */ = {
			isa = PBXNativeTarget;
			buildConfigurationList = 92BFDA852A97B5ED00AE95D8 /* Build configuration list for PBXNativeTarget "TimeTrackerUITests" */;
			buildPhases = (
				92BFDA712A97B5ED00AE95D8 /* Sources */,
				92BFDA722A97B5ED00AE95D8 /* Frameworks */,
				92BFDA732A97B5ED00AE95D8 /* Resources */,
			);
			buildRules = (
			);
			dependencies = (
				92BFDA772A97B5ED00AE95D8 /* PBXTargetDependency */,
			);
			name = TimeTrackerUITests;
			productName = TimeTrackerUITests;
			productReference = 92BFDA752A97B5ED00AE95D8 /* TimeTrackerUITests.xctest */;
			productType = "com.apple.product-type.bundle.ui-testing";
		};
/* End PBXNativeTarget section */

/* Begin PBXProject section */
		92BFDA522A97B5E600AE95D8 /* Project object */ = {
			isa = PBXProject;
			attributes = {
				BuildIndependentTargetsInParallel = 1;
				LastSwiftUpdateCheck = 1430;
				LastUpgradeCheck = 1500;
				TargetAttributes = {
					92BFDA592A97B5E600AE95D8 = {
						CreatedOnToolsVersion = 14.3.1;
					};
					92BFDA6A2A97B5ED00AE95D8 = {
						CreatedOnToolsVersion = 14.3.1;
						TestTargetID = 92BFDA592A97B5E600AE95D8;
					};
					92BFDA742A97B5ED00AE95D8 = {
						CreatedOnToolsVersion = 14.3.1;
						TestTargetID = 92BFDA592A97B5E600AE95D8;
					};
				};
			};
			buildConfigurationList = 92BFDA552A97B5E600AE95D8 /* Build configuration list for PBXProject "TimeTracker" */;
			compatibilityVersion = "Xcode 14.0";
			developmentRegion = en;
			hasScannedForEncodings = 0;
			knownRegions = (
				en,
				Base,
			);
			mainGroup = 92BFDA512A97B5E600AE95D8;
			packageReferences = (
				92F9B6B42AE4EC020038C6D4 /* XCRemoteSwiftPackageReference "TimeTrackerAPI" */,
			);
			productRefGroup = 92BFDA5B2A97B5E600AE95D8 /* Products */;
			projectDirPath = "";
			projectRoot = "";
			targets = (
				92BFDA592A97B5E600AE95D8 /* TimeTracker */,
				92BFDA6A2A97B5ED00AE95D8 /* TimeTrackerTests */,
				92BFDA742A97B5ED00AE95D8 /* TimeTrackerUITests */,
			);
		};
/* End PBXProject section */

/* Begin PBXResourcesBuildPhase section */
		92BFDA582A97B5E600AE95D8 /* Resources */ = {
			isa = PBXResourcesBuildPhase;
			buildActionMask = 2147483647;
			files = (
				92BFDA662A97B5ED00AE95D8 /* Preview Assets.xcassets in Resources */,
				92BFDA622A97B5ED00AE95D8 /* Assets.xcassets in Resources */,
			);
			runOnlyForDeploymentPostprocessing = 0;
		};
		92BFDA692A97B5ED00AE95D8 /* Resources */ = {
			isa = PBXResourcesBuildPhase;
			buildActionMask = 2147483647;
			files = (
			);
			runOnlyForDeploymentPostprocessing = 0;
		};
		92BFDA732A97B5ED00AE95D8 /* Resources */ = {
			isa = PBXResourcesBuildPhase;
			buildActionMask = 2147483647;
			files = (
			);
			runOnlyForDeploymentPostprocessing = 0;
		};
/* End PBXResourcesBuildPhase section */

/* Begin PBXSourcesBuildPhase section */
		92BFDA562A97B5E600AE95D8 /* Sources */ = {
			isa = PBXSourcesBuildPhase;
			buildActionMask = 2147483647;
			files = (
				92F71D0D2AF6014C002E1846 /* CategoryStore.swift in Sources */,
				927006642AD4C8EA0089884B /* CategoryListViewState.swift in Sources */,
				92F71D382AF765CF002E1846 /* UpdateRecordViewState.swift in Sources */,
				92D2B3EA2A9A78F600B8B76E /* ActivityListView.swift in Sources */,
				92F71D322AF755D7002E1846 /* SearchRecordDateViewState.swift in Sources */,
				92C1D82B2A9B201E000061B6 /* Theme.swift in Sources */,
				92F71D402AF7713D002E1846 /* GeneralSettingsViewState.swift in Sources */,
				92C7BA272AF814BD00E9F25A /* PrepareDatabaseView.swift in Sources */,
				92F71D222AF733B7002E1846 /* RecordStore.swift in Sources */,
				92C7BA292AF814CD00E9F25A /* PrepareDatabaseViewState.swift in Sources */,
				92F71D102AF60684002E1846 /* CategoryFormViewState.swift in Sources */,
				92FABEF32AEB8DB600833B1A /* CustomUTType.swift in Sources */,
				92A112A12ADB5FB800BFAD19 /* RecordingView.swift in Sources */,
				92C28B212ADF2380009E23E1 /* DatabasePathPicker.swift in Sources */,
				925F93912AECBF1A0033EBB2 /* SearchRecordView.swift in Sources */,
				92F71D362AF75E46002E1846 /* RecordListViewState.swift in Sources */,
				92C1D82E2A9B2070000061B6 /* SettingsView.swift in Sources */,
				929E5EF02AF9DB67009DCFE1 /* RadioButtonState.swift in Sources */,
				92F71D172AF63C4E002E1846 /* ActivityStore.swift in Sources */,
				92F71D302AF740F3002E1846 /* SearchRecordActivityViewState.swift in Sources */,
				92F71D2E2AF73D30002E1846 /* SearchRecordCategoryViewState.swift in Sources */,
				925F93952AECC3EB0033EBB2 /* RecordMainView.swift in Sources */,
				92999D682AF0C4FF003B44A2 /* UpdateRecordView.swift in Sources */,
				925F93932AECC1950033EBB2 /* SearchRecordDateView.swift in Sources */,
				92F71D192AF63DD5002E1846 /* ActivityListViewState.swift in Sources */,
				92F71D2C2AF73CF8002E1846 /* SearchRecordViewState.swift in Sources */,
				92C1D8272A9B0152000061B6 /* RecordGraphView.swift in Sources */,
				92999D6A2AF0CC27003B44A2 /* Utilities.swift in Sources */,
				927006612AD4C8C40089884B /* CategoryListView.swift in Sources */,
				92F71D342AF75951002E1846 /* SearchRecordSortViewState.swift in Sources */,
				92BFDA602A97B5E600AE95D8 /* ContentView.swift in Sources */,
				92F71D262AF73490002E1846 /* RecordingViewState.swift in Sources */,
				92BFDA5E2A97B5E600AE95D8 /* TimeTrackerApp.swift in Sources */,
				928D8E962AEE27A800F0C52B /* CommonTextTitleModifier.swift in Sources */,
				92F71D282AF73C48002E1846 /* RecordMainViewState.swift in Sources */,
				92CACFE72AEB92AF00F00F2F /* MainView.swift in Sources */,
				92F71D3A2AF76EB8002E1846 /* RecordGraphViewState.swift in Sources */,
				928D8E942AEE1ED000F0C52B /* SearchRecordTitleView.swift in Sources */,
				92F71D3E2AF76FFE002E1846 /* SettingsViewState.swift in Sources */,
				92C1D8312A9B22A8000061B6 /* ColorUtilities.swift in Sources */,
				920C49BD2A9BAF930083FF7A /* ActivityFormView.swift in Sources */,
				92F71D202AF73361002E1846 /* AppError.swift in Sources */,
				926FAB532AF39EAB005AED1D /* SearchRecordActivityView.swift in Sources */,
				927006602AD4C8C40089884B /* CategoryFormView.swift in Sources */,
				929E5EEE2AF9DB2A009DCFE1 /* RadioButton.swift in Sources */,
				928D8E902AEE1CB200F0C52B /* SearchRecordSortView.swift in Sources */,
				9232FFB92AD646E40097C954 /* GeneralSettingsView.swift in Sources */,
				92F71D1B2AF63DE1002E1846 /* ActivityFormViewState.swift in Sources */,
				92D2B3E92A9A78F600B8B76E /* RecordListView.swift in Sources */,
				928D8E922AEE1CC100F0C52B /* SearchRecordCategoryView.swift in Sources */,
			);
			runOnlyForDeploymentPostprocessing = 0;
		};
		92BFDA672A97B5ED00AE95D8 /* Sources */ = {
			isa = PBXSourcesBuildPhase;
			buildActionMask = 2147483647;
			files = (
				92BFDA702A97B5ED00AE95D8 /* TimeTrackerTests.swift in Sources */,
			);
			runOnlyForDeploymentPostprocessing = 0;
		};
		92BFDA712A97B5ED00AE95D8 /* Sources */ = {
			isa = PBXSourcesBuildPhase;
			buildActionMask = 2147483647;
			files = (
				92BFDA7C2A97B5ED00AE95D8 /* TimeTrackerUITestsLaunchTests.swift in Sources */,
				92BFDA7A2A97B5ED00AE95D8 /* TimeTrackerUITests.swift in Sources */,
			);
			runOnlyForDeploymentPostprocessing = 0;
		};
/* End PBXSourcesBuildPhase section */

/* Begin PBXTargetDependency section */
		92BFDA6D2A97B5ED00AE95D8 /* PBXTargetDependency */ = {
			isa = PBXTargetDependency;
			target = 92BFDA592A97B5E600AE95D8 /* TimeTracker */;
			targetProxy = 92BFDA6C2A97B5ED00AE95D8 /* PBXContainerItemProxy */;
		};
		92BFDA772A97B5ED00AE95D8 /* PBXTargetDependency */ = {
			isa = PBXTargetDependency;
			target = 92BFDA592A97B5E600AE95D8 /* TimeTracker */;
			targetProxy = 92BFDA762A97B5ED00AE95D8 /* PBXContainerItemProxy */;
		};
/* End PBXTargetDependency section */

/* Begin XCBuildConfiguration section */
		92BFDA7D2A97B5ED00AE95D8 /* Debug */ = {
			isa = XCBuildConfiguration;
			buildSettings = {
				ALWAYS_SEARCH_USER_PATHS = NO;
				CLANG_ANALYZER_NONNULL = YES;
				CLANG_ANALYZER_NUMBER_OBJECT_CONVERSION = YES_AGGRESSIVE;
				CLANG_CXX_LANGUAGE_STANDARD = "gnu++20";
				CLANG_ENABLE_MODULES = YES;
				CLANG_ENABLE_OBJC_ARC = YES;
				CLANG_ENABLE_OBJC_WEAK = YES;
				CLANG_WARN_BLOCK_CAPTURE_AUTORELEASING = YES;
				CLANG_WARN_BOOL_CONVERSION = YES;
				CLANG_WARN_COMMA = YES;
				CLANG_WARN_CONSTANT_CONVERSION = YES;
				CLANG_WARN_DEPRECATED_OBJC_IMPLEMENTATIONS = YES;
				CLANG_WARN_DIRECT_OBJC_ISA_USAGE = YES_ERROR;
				CLANG_WARN_DOCUMENTATION_COMMENTS = YES;
				CLANG_WARN_EMPTY_BODY = YES;
				CLANG_WARN_ENUM_CONVERSION = YES;
				CLANG_WARN_INFINITE_RECURSION = YES;
				CLANG_WARN_INT_CONVERSION = YES;
				CLANG_WARN_NON_LITERAL_NULL_CONVERSION = YES;
				CLANG_WARN_OBJC_IMPLICIT_RETAIN_SELF = YES;
				CLANG_WARN_OBJC_LITERAL_CONVERSION = YES;
				CLANG_WARN_OBJC_ROOT_CLASS = YES_ERROR;
				CLANG_WARN_QUOTED_INCLUDE_IN_FRAMEWORK_HEADER = YES;
				CLANG_WARN_RANGE_LOOP_ANALYSIS = YES;
				CLANG_WARN_STRICT_PROTOTYPES = YES;
				CLANG_WARN_SUSPICIOUS_MOVE = YES;
				CLANG_WARN_UNGUARDED_AVAILABILITY = YES_AGGRESSIVE;
				CLANG_WARN_UNREACHABLE_CODE = YES;
				CLANG_WARN__DUPLICATE_METHOD_MATCH = YES;
				COPY_PHASE_STRIP = NO;
				DEAD_CODE_STRIPPING = YES;
				DEBUG_INFORMATION_FORMAT = dwarf;
				ENABLE_STRICT_OBJC_MSGSEND = YES;
				ENABLE_TESTABILITY = YES;
				ENABLE_USER_SCRIPT_SANDBOXING = YES;
				GCC_C_LANGUAGE_STANDARD = gnu11;
				GCC_DYNAMIC_NO_PIC = NO;
				GCC_NO_COMMON_BLOCKS = YES;
				GCC_OPTIMIZATION_LEVEL = 0;
				GCC_PREPROCESSOR_DEFINITIONS = (
					"DEBUG=1",
					"$(inherited)",
				);
				GCC_WARN_64_TO_32_BIT_CONVERSION = YES;
				GCC_WARN_ABOUT_RETURN_TYPE = YES_ERROR;
				GCC_WARN_UNDECLARED_SELECTOR = YES;
				GCC_WARN_UNINITIALIZED_AUTOS = YES_AGGRESSIVE;
				GCC_WARN_UNUSED_FUNCTION = YES;
				GCC_WARN_UNUSED_VARIABLE = YES;
				MTL_ENABLE_DEBUG_INFO = INCLUDE_SOURCE;
				MTL_FAST_MATH = YES;
				ONLY_ACTIVE_ARCH = YES;
				SWIFT_ACTIVE_COMPILATION_CONDITIONS = DEBUG;
				SWIFT_OPTIMIZATION_LEVEL = "-Onone";
			};
			name = Debug;
		};
		92BFDA7E2A97B5ED00AE95D8 /* Release */ = {
			isa = XCBuildConfiguration;
			buildSettings = {
				ALWAYS_SEARCH_USER_PATHS = NO;
				CLANG_ANALYZER_NONNULL = YES;
				CLANG_ANALYZER_NUMBER_OBJECT_CONVERSION = YES_AGGRESSIVE;
				CLANG_CXX_LANGUAGE_STANDARD = "gnu++20";
				CLANG_ENABLE_MODULES = YES;
				CLANG_ENABLE_OBJC_ARC = YES;
				CLANG_ENABLE_OBJC_WEAK = YES;
				CLANG_WARN_BLOCK_CAPTURE_AUTORELEASING = YES;
				CLANG_WARN_BOOL_CONVERSION = YES;
				CLANG_WARN_COMMA = YES;
				CLANG_WARN_CONSTANT_CONVERSION = YES;
				CLANG_WARN_DEPRECATED_OBJC_IMPLEMENTATIONS = YES;
				CLANG_WARN_DIRECT_OBJC_ISA_USAGE = YES_ERROR;
				CLANG_WARN_DOCUMENTATION_COMMENTS = YES;
				CLANG_WARN_EMPTY_BODY = YES;
				CLANG_WARN_ENUM_CONVERSION = YES;
				CLANG_WARN_INFINITE_RECURSION = YES;
				CLANG_WARN_INT_CONVERSION = YES;
				CLANG_WARN_NON_LITERAL_NULL_CONVERSION = YES;
				CLANG_WARN_OBJC_IMPLICIT_RETAIN_SELF = YES;
				CLANG_WARN_OBJC_LITERAL_CONVERSION = YES;
				CLANG_WARN_OBJC_ROOT_CLASS = YES_ERROR;
				CLANG_WARN_QUOTED_INCLUDE_IN_FRAMEWORK_HEADER = YES;
				CLANG_WARN_RANGE_LOOP_ANALYSIS = YES;
				CLANG_WARN_STRICT_PROTOTYPES = YES;
				CLANG_WARN_SUSPICIOUS_MOVE = YES;
				CLANG_WARN_UNGUARDED_AVAILABILITY = YES_AGGRESSIVE;
				CLANG_WARN_UNREACHABLE_CODE = YES;
				CLANG_WARN__DUPLICATE_METHOD_MATCH = YES;
				COPY_PHASE_STRIP = NO;
				DEAD_CODE_STRIPPING = YES;
				DEBUG_INFORMATION_FORMAT = "dwarf-with-dsym";
				ENABLE_NS_ASSERTIONS = NO;
				ENABLE_STRICT_OBJC_MSGSEND = YES;
				ENABLE_USER_SCRIPT_SANDBOXING = YES;
				GCC_C_LANGUAGE_STANDARD = gnu11;
				GCC_NO_COMMON_BLOCKS = YES;
				GCC_WARN_64_TO_32_BIT_CONVERSION = YES;
				GCC_WARN_ABOUT_RETURN_TYPE = YES_ERROR;
				GCC_WARN_UNDECLARED_SELECTOR = YES;
				GCC_WARN_UNINITIALIZED_AUTOS = YES_AGGRESSIVE;
				GCC_WARN_UNUSED_FUNCTION = YES;
				GCC_WARN_UNUSED_VARIABLE = YES;
				MTL_ENABLE_DEBUG_INFO = NO;
				MTL_FAST_MATH = YES;
				SWIFT_COMPILATION_MODE = wholemodule;
				SWIFT_OPTIMIZATION_LEVEL = "-O";
			};
			name = Release;
		};
		92BFDA802A97B5ED00AE95D8 /* Debug */ = {
			isa = XCBuildConfiguration;
			buildSettings = {
				ASSETCATALOG_COMPILER_APPICON_NAME = AppIcon;
				ASSETCATALOG_COMPILER_GLOBAL_ACCENT_COLOR_NAME = AccentColor;
				CODE_SIGN_ENTITLEMENTS = TimeTracker/TimeTracker.entitlements;
				CODE_SIGN_STYLE = Automatic;
				CURRENT_PROJECT_VERSION = 1;
				DEAD_CODE_STRIPPING = YES;
				DEVELOPMENT_ASSET_PATHS = "\"TimeTracker/Preview Content\"";
				DEVELOPMENT_TEAM = 3NWPT3598Z;
				ENABLE_HARDENED_RUNTIME = YES;
				ENABLE_PREVIEWS = YES;
				GENERATE_INFOPLIST_FILE = YES;
				INFOPLIST_FILE = TimeTracker/Info.plist;
				"INFOPLIST_KEY_UIApplicationSceneManifest_Generation[sdk=iphoneos*]" = YES;
				"INFOPLIST_KEY_UIApplicationSceneManifest_Generation[sdk=iphonesimulator*]" = YES;
				"INFOPLIST_KEY_UIApplicationSupportsIndirectInputEvents[sdk=iphoneos*]" = YES;
				"INFOPLIST_KEY_UIApplicationSupportsIndirectInputEvents[sdk=iphonesimulator*]" = YES;
				"INFOPLIST_KEY_UILaunchScreen_Generation[sdk=iphoneos*]" = YES;
				"INFOPLIST_KEY_UILaunchScreen_Generation[sdk=iphonesimulator*]" = YES;
				"INFOPLIST_KEY_UIStatusBarStyle[sdk=iphoneos*]" = UIStatusBarStyleDefault;
				"INFOPLIST_KEY_UIStatusBarStyle[sdk=iphonesimulator*]" = UIStatusBarStyleDefault;
				INFOPLIST_KEY_UISupportedInterfaceOrientations_iPad = "UIInterfaceOrientationPortrait UIInterfaceOrientationPortraitUpsideDown UIInterfaceOrientationLandscapeLeft UIInterfaceOrientationLandscapeRight";
				INFOPLIST_KEY_UISupportedInterfaceOrientations_iPhone = "UIInterfaceOrientationPortrait UIInterfaceOrientationLandscapeLeft UIInterfaceOrientationLandscapeRight";
				IPHONEOS_DEPLOYMENT_TARGET = 16.4;
				LD_RUNPATH_SEARCH_PATHS = "@executable_path/Frameworks";
				"LD_RUNPATH_SEARCH_PATHS[sdk=macosx*]" = "@executable_path/../Frameworks";
				MACOSX_DEPLOYMENT_TARGET = 13.3;
				MARKETING_VERSION = 1.0;
				PRODUCT_BUNDLE_IDENTIFIER = yoshi.TimeTracker;
				PRODUCT_NAME = "$(TARGET_NAME)";
				SDKROOT = auto;
				SUPPORTED_PLATFORMS = "iphoneos iphonesimulator macosx";
				SWIFT_EMIT_LOC_STRINGS = YES;
				SWIFT_VERSION = 5.0;
				TARGETED_DEVICE_FAMILY = "1,2";
			};
			name = Debug;
		};
		92BFDA812A97B5ED00AE95D8 /* Release */ = {
			isa = XCBuildConfiguration;
			buildSettings = {
				ASSETCATALOG_COMPILER_APPICON_NAME = AppIcon;
				ASSETCATALOG_COMPILER_GLOBAL_ACCENT_COLOR_NAME = AccentColor;
				CODE_SIGN_ENTITLEMENTS = TimeTracker/TimeTracker.entitlements;
				CODE_SIGN_STYLE = Automatic;
				CURRENT_PROJECT_VERSION = 1;
				DEAD_CODE_STRIPPING = YES;
				DEVELOPMENT_ASSET_PATHS = "\"TimeTracker/Preview Content\"";
				DEVELOPMENT_TEAM = 3NWPT3598Z;
				ENABLE_HARDENED_RUNTIME = YES;
				ENABLE_PREVIEWS = YES;
				GENERATE_INFOPLIST_FILE = YES;
				INFOPLIST_FILE = TimeTracker/Info.plist;
				"INFOPLIST_KEY_UIApplicationSceneManifest_Generation[sdk=iphoneos*]" = YES;
				"INFOPLIST_KEY_UIApplicationSceneManifest_Generation[sdk=iphonesimulator*]" = YES;
				"INFOPLIST_KEY_UIApplicationSupportsIndirectInputEvents[sdk=iphoneos*]" = YES;
				"INFOPLIST_KEY_UIApplicationSupportsIndirectInputEvents[sdk=iphonesimulator*]" = YES;
				"INFOPLIST_KEY_UILaunchScreen_Generation[sdk=iphoneos*]" = YES;
				"INFOPLIST_KEY_UILaunchScreen_Generation[sdk=iphonesimulator*]" = YES;
				"INFOPLIST_KEY_UIStatusBarStyle[sdk=iphoneos*]" = UIStatusBarStyleDefault;
				"INFOPLIST_KEY_UIStatusBarStyle[sdk=iphonesimulator*]" = UIStatusBarStyleDefault;
				INFOPLIST_KEY_UISupportedInterfaceOrientations_iPad = "UIInterfaceOrientationPortrait UIInterfaceOrientationPortraitUpsideDown UIInterfaceOrientationLandscapeLeft UIInterfaceOrientationLandscapeRight";
				INFOPLIST_KEY_UISupportedInterfaceOrientations_iPhone = "UIInterfaceOrientationPortrait UIInterfaceOrientationLandscapeLeft UIInterfaceOrientationLandscapeRight";
				IPHONEOS_DEPLOYMENT_TARGET = 16.4;
				LD_RUNPATH_SEARCH_PATHS = "@executable_path/Frameworks";
				"LD_RUNPATH_SEARCH_PATHS[sdk=macosx*]" = "@executable_path/../Frameworks";
				MACOSX_DEPLOYMENT_TARGET = 13.3;
				MARKETING_VERSION = 1.0;
				PRODUCT_BUNDLE_IDENTIFIER = yoshi.TimeTracker;
				PRODUCT_NAME = "$(TARGET_NAME)";
				SDKROOT = auto;
				SUPPORTED_PLATFORMS = "iphoneos iphonesimulator macosx";
				SWIFT_EMIT_LOC_STRINGS = YES;
				SWIFT_VERSION = 5.0;
				TARGETED_DEVICE_FAMILY = "1,2";
			};
			name = Release;
		};
		92BFDA832A97B5ED00AE95D8 /* Debug */ = {
			isa = XCBuildConfiguration;
			buildSettings = {
				ALWAYS_EMBED_SWIFT_STANDARD_LIBRARIES = YES;
				BUNDLE_LOADER = "$(TEST_HOST)";
				CODE_SIGN_STYLE = Automatic;
				CURRENT_PROJECT_VERSION = 1;
				DEAD_CODE_STRIPPING = YES;
				DEVELOPMENT_TEAM = 3NWPT3598Z;
				GENERATE_INFOPLIST_FILE = YES;
				IPHONEOS_DEPLOYMENT_TARGET = 16.4;
				MACOSX_DEPLOYMENT_TARGET = 13.3;
				MARKETING_VERSION = 1.0;
				PRODUCT_BUNDLE_IDENTIFIER = yoshi.TimeTrackerTests;
				PRODUCT_NAME = "$(TARGET_NAME)";
				SDKROOT = auto;
				SUPPORTED_PLATFORMS = "iphoneos iphonesimulator macosx";
				SWIFT_EMIT_LOC_STRINGS = NO;
				SWIFT_VERSION = 5.0;
				TARGETED_DEVICE_FAMILY = "1,2";
				TEST_HOST = "$(BUILT_PRODUCTS_DIR)/TimeTracker.app/$(BUNDLE_EXECUTABLE_FOLDER_PATH)/TimeTracker";
			};
			name = Debug;
		};
		92BFDA842A97B5ED00AE95D8 /* Release */ = {
			isa = XCBuildConfiguration;
			buildSettings = {
				ALWAYS_EMBED_SWIFT_STANDARD_LIBRARIES = YES;
				BUNDLE_LOADER = "$(TEST_HOST)";
				CODE_SIGN_STYLE = Automatic;
				CURRENT_PROJECT_VERSION = 1;
				DEAD_CODE_STRIPPING = YES;
				DEVELOPMENT_TEAM = 3NWPT3598Z;
				GENERATE_INFOPLIST_FILE = YES;
				IPHONEOS_DEPLOYMENT_TARGET = 16.4;
				MACOSX_DEPLOYMENT_TARGET = 13.3;
				MARKETING_VERSION = 1.0;
				PRODUCT_BUNDLE_IDENTIFIER = yoshi.TimeTrackerTests;
				PRODUCT_NAME = "$(TARGET_NAME)";
				SDKROOT = auto;
				SUPPORTED_PLATFORMS = "iphoneos iphonesimulator macosx";
				SWIFT_EMIT_LOC_STRINGS = NO;
				SWIFT_VERSION = 5.0;
				TARGETED_DEVICE_FAMILY = "1,2";
				TEST_HOST = "$(BUILT_PRODUCTS_DIR)/TimeTracker.app/$(BUNDLE_EXECUTABLE_FOLDER_PATH)/TimeTracker";
			};
			name = Release;
		};
		92BFDA862A97B5ED00AE95D8 /* Debug */ = {
			isa = XCBuildConfiguration;
			buildSettings = {
				ALWAYS_EMBED_SWIFT_STANDARD_LIBRARIES = YES;
				CODE_SIGN_STYLE = Automatic;
				CURRENT_PROJECT_VERSION = 1;
				DEAD_CODE_STRIPPING = YES;
				DEVELOPMENT_TEAM = 3NWPT3598Z;
				GENERATE_INFOPLIST_FILE = YES;
				IPHONEOS_DEPLOYMENT_TARGET = 16.4;
				MACOSX_DEPLOYMENT_TARGET = 13.3;
				MARKETING_VERSION = 1.0;
				PRODUCT_BUNDLE_IDENTIFIER = yoshi.TimeTrackerUITests;
				PRODUCT_NAME = "$(TARGET_NAME)";
				SDKROOT = auto;
				SUPPORTED_PLATFORMS = "iphoneos iphonesimulator macosx";
				SWIFT_EMIT_LOC_STRINGS = NO;
				SWIFT_VERSION = 5.0;
				TARGETED_DEVICE_FAMILY = "1,2";
				TEST_TARGET_NAME = TimeTracker;
			};
			name = Debug;
		};
		92BFDA872A97B5ED00AE95D8 /* Release */ = {
			isa = XCBuildConfiguration;
			buildSettings = {
				ALWAYS_EMBED_SWIFT_STANDARD_LIBRARIES = YES;
				CODE_SIGN_STYLE = Automatic;
				CURRENT_PROJECT_VERSION = 1;
				DEAD_CODE_STRIPPING = YES;
				DEVELOPMENT_TEAM = 3NWPT3598Z;
				GENERATE_INFOPLIST_FILE = YES;
				IPHONEOS_DEPLOYMENT_TARGET = 16.4;
				MACOSX_DEPLOYMENT_TARGET = 13.3;
				MARKETING_VERSION = 1.0;
				PRODUCT_BUNDLE_IDENTIFIER = yoshi.TimeTrackerUITests;
				PRODUCT_NAME = "$(TARGET_NAME)";
				SDKROOT = auto;
				SUPPORTED_PLATFORMS = "iphoneos iphonesimulator macosx";
				SWIFT_EMIT_LOC_STRINGS = NO;
				SWIFT_VERSION = 5.0;
				TARGETED_DEVICE_FAMILY = "1,2";
				TEST_TARGET_NAME = TimeTracker;
			};
			name = Release;
		};
/* End XCBuildConfiguration section */

/* Begin XCConfigurationList section */
		92BFDA552A97B5E600AE95D8 /* Build configuration list for PBXProject "TimeTracker" */ = {
			isa = XCConfigurationList;
			buildConfigurations = (
				92BFDA7D2A97B5ED00AE95D8 /* Debug */,
				92BFDA7E2A97B5ED00AE95D8 /* Release */,
			);
			defaultConfigurationIsVisible = 0;
			defaultConfigurationName = Release;
		};
		92BFDA7F2A97B5ED00AE95D8 /* Build configuration list for PBXNativeTarget "TimeTracker" */ = {
			isa = XCConfigurationList;
			buildConfigurations = (
				92BFDA802A97B5ED00AE95D8 /* Debug */,
				92BFDA812A97B5ED00AE95D8 /* Release */,
			);
			defaultConfigurationIsVisible = 0;
			defaultConfigurationName = Release;
		};
		92BFDA822A97B5ED00AE95D8 /* Build configuration list for PBXNativeTarget "TimeTrackerTests" */ = {
			isa = XCConfigurationList;
			buildConfigurations = (
				92BFDA832A97B5ED00AE95D8 /* Debug */,
				92BFDA842A97B5ED00AE95D8 /* Release */,
			);
			defaultConfigurationIsVisible = 0;
			defaultConfigurationName = Release;
		};
		92BFDA852A97B5ED00AE95D8 /* Build configuration list for PBXNativeTarget "TimeTrackerUITests" */ = {
			isa = XCConfigurationList;
			buildConfigurations = (
				92BFDA862A97B5ED00AE95D8 /* Debug */,
				92BFDA872A97B5ED00AE95D8 /* Release */,
			);
			defaultConfigurationIsVisible = 0;
			defaultConfigurationName = Release;
		};
/* End XCConfigurationList section */

/* Begin XCRemoteSwiftPackageReference section */
		92F9B6B42AE4EC020038C6D4 /* XCRemoteSwiftPackageReference "TimeTrackerAPI" */ = {
			isa = XCRemoteSwiftPackageReference;
			repositoryURL = "file:///users/yoshi/Developments/Projects/TimeTracker/TimeTrackerAPI/";
			requirement = {
				branch = main;
				kind = branch;
			};
		};
/* End XCRemoteSwiftPackageReference section */

/* Begin XCSwiftPackageProductDependency section */
		92F9B6B52AE4EC020038C6D4 /* TimeTrackerAPI */ = {
			isa = XCSwiftPackageProductDependency;
			package = 92F9B6B42AE4EC020038C6D4 /* XCRemoteSwiftPackageReference "TimeTrackerAPI" */;
			productName = TimeTrackerAPI;
		};
/* End XCSwiftPackageProductDependency section */
	};
	rootObject = 92BFDA522A97B5E600AE95D8 /* Project object */;
}
